
Microsoft Visual Studio Solution File, Format Version 12.00
# Visual Studio Version 16
VisualStudioVersion = 16.0.31605.320
MinimumVisualStudioVersion = 10.0.40219.1
Project("{FAE04EC0-301F-11D3-BF4B-00C04F79EFBC}") = "Environmentclassmethods demo", "Environmentclassmethods demo\Environmentclassmethods demo.csproj", "{6B7CE09C-E5CE-4BAE-841E-B28922FDB295}"
EndProject
Global
	GlobalSection(SolutionConfigurationPlatforms) = preSolution
		Debug|Any CPU = Debug|Any CPU
		Release|Any CPU = Release|Any CPU
	EndGlobalSection
	GlobalSection(ProjectConfigurationPlatforms) = postSolution
		{6B7CE09C-E5CE-4BAE-841E-B28922FDB295}.Debug|Any CPU.ActiveCfg = Debug|Any CPU
		{6B7CE09C-E5CE-4BAE-841E-B28922FDB295}.Debug|Any CPU.Build.0 = Debug|Any CPU
		{6B7CE09C-E5CE-4BAE-841E-B28922FDB295}.Release|Any CPU.ActiveCfg = Release|Any CPU
		{6B7CE09C-E5CE-4BAE-841E-B28922FDB295}.Release|Any CPU.Build.0 = Release|Any CPU
	EndGlobalSection
	GlobalSection(SolutionProperties) = preSolution
		HideSolutionNode = FALSE
	EndGlobalSection
	GlobalSection(ExtensibilityGlobals) = postSolution
		SolutionGuid = {B363D4B0-FCBD-43E0-8C26-79D7846EB90C}
	EndGlobalSection
EndGlobal
